
Microsoft Visual Studio Solution File, Format Version 12.00
# Visual Studio Version 17
VisualStudioVersion = 17.0.32112.339
MinimumVisualStudioVersion = 10.0.40219.1
Project("{FAE04EC0-301F-11D3-BF4B-00C04F79EFBC}") = "OplineShopWPFApplication", "OplineShopWPFApplication\OplineShopWPFApplication.csproj", "{AECFE474-E412-414A-8BEE-B7509F5FCB3A}"
EndProject
Project("{FAE04EC0-301F-11D3-BF4B-00C04F79EFBC}") = "OnlineShopModels", "OnlineShopModels\OnlineShopModels.csproj", "{731FE5D1-F787-4CE0-8F98-1022AA462B0C}"
EndProject
Project("{FAE04EC0-301F-11D3-BF4B-00C04F79EFBC}") = "OnlineShopDB", "OnlineShopDB\OnlineShopDB.csproj", "{647463B6-97F3-471E-AF2B-E4ADEC411A0C}"
EndProject
Project("{FAE04EC0-301F-11D3-BF4B-00C04F79EFBC}") = "OnlineShopInfrastructe", "OnlineShopInfrastructe\OnlineShopInfrastructe.csproj", "{9C48D8BF-4A5B-4D6D-B582-784B7B9DB76F}"
EndProject
Global
	GlobalSection(SolutionConfigurationPlatforms) = preSolution
		Debug|Any CPU = Debug|Any CPU
		Release|Any CPU = Release|Any CPU
	EndGlobalSection
	GlobalSection(ProjectConfigurationPlatforms) = postSolution
		{AECFE474-E412-414A-8BEE-B7509F5FCB3A}.Debug|Any CPU.ActiveCfg = Debug|Any CPU
		{AECFE474-E412-414A-8BEE-B7509F5FCB3A}.Debug|Any CPU.Build.0 = Debug|Any CPU
		{AECFE474-E412-414A-8BEE-B7509F5FCB3A}.Release|Any CPU.ActiveCfg = Release|Any CPU
		{AECFE474-E412-414A-8BEE-B7509F5FCB3A}.Release|Any CPU.Build.0 = Release|Any CPU
		{731FE5D1-F787-4CE0-8F98-1022AA462B0C}.Debug|Any CPU.ActiveCfg = Debug|Any CPU
		{731FE5D1-F787-4CE0-8F98-1022AA462B0C}.Debug|Any CPU.Build.0 = Debug|Any CPU
		{731FE5D1-F787-4CE0-8F98-1022AA462B0C}.Release|Any CPU.ActiveCfg = Release|Any CPU
		{731FE5D1-F787-4CE0-8F98-1022AA462B0C}.Release|Any CPU.Build.0 = Release|Any CPU
		{647463B6-97F3-471E-AF2B-E4ADEC411A0C}.Debug|Any CPU.ActiveCfg = Debug|Any CPU
		{647463B6-97F3-471E-AF2B-E4ADEC411A0C}.Debug|Any CPU.Build.0 = Debug|Any CPU
		{647463B6-97F3-471E-AF2B-E4ADEC411A0C}.Release|Any CPU.ActiveCfg = Release|Any CPU
		{647463B6-97F3-471E-AF2B-E4ADEC411A0C}.Release|Any CPU.Build.0 = Release|Any CPU
		{9C48D8BF-4A5B-4D6D-B582-784B7B9DB76F}.Debug|Any CPU.ActiveCfg = Debug|Any CPU
		{9C48D8BF-4A5B-4D6D-B582-784B7B9DB76F}.Debug|Any CPU.Build.0 = Debug|Any CPU
		{9C48D8BF-4A5B-4D6D-B582-784B7B9DB76F}.Release|Any CPU.ActiveCfg = Release|Any CPU
		{9C48D8BF-4A5B-4D6D-B582-784B7B9DB76F}.Release|Any CPU.Build.0 = Release|Any CPU
	EndGlobalSection
	GlobalSection(SolutionProperties) = preSolution
		HideSolutionNode = FALSE
	EndGlobalSection
	GlobalSection(ExtensibilityGlobals) = postSolution
		SolutionGuid = {DCC33123-5391-4646-B201-21C1DF442166}
	EndGlobalSection
EndGlobal
